
Microsoft Visual Studio Solution File, Format Version 12.00
# Visual Studio 2013
VisualStudioVersion = 12.0.21005.1
MinimumVisualStudioVersion = 10.0.40219.1
Project("{FAE04EC0-301F-11D3-BF4B-00C04F79EFBC}") = "verklega", "verklega\verklega.csproj", "{19E4DD7E-7271-4480-BE4F-8F305BEB563C}"
EndProject
Project("{FAE04EC0-301F-11D3-BF4B-00C04F79EFBC}") = "verklega.Tests", "verklega.Tests\verklega.Tests.csproj", "{381CE556-613B-414E-853F-3F3FE7B83E68}"
EndProject
Global
	GlobalSection(SolutionConfigurationPlatforms) = preSolution
		Debug|Any CPU = Debug|Any CPU
		Release|Any CPU = Release|Any CPU
	EndGlobalSection
	GlobalSection(ProjectConfigurationPlatforms) = postSolution
		{19E4DD7E-7271-4480-BE4F-8F305BEB563C}.Debug|Any CPU.ActiveCfg = Debug|Any CPU
		{19E4DD7E-7271-4480-BE4F-8F305BEB563C}.Debug|Any CPU.Build.0 = Debug|Any CPU
		{19E4DD7E-7271-4480-BE4F-8F305BEB563C}.Release|Any CPU.ActiveCfg = Release|Any CPU
		{19E4DD7E-7271-4480-BE4F-8F305BEB563C}.Release|Any CPU.Build.0 = Release|Any CPU
		{381CE556-613B-414E-853F-3F3FE7B83E68}.Debug|Any CPU.ActiveCfg = Debug|Any CPU
		{381CE556-613B-414E-853F-3F3FE7B83E68}.Release|Any CPU.ActiveCfg = Release|Any CPU
		{381CE556-613B-414E-853F-3F3FE7B83E68}.Release|Any CPU.Build.0 = Release|Any CPU
	EndGlobalSection
	GlobalSection(SolutionProperties) = preSolution
		HideSolutionNode = FALSE
	EndGlobalSection
EndGlobal
